
Microsoft Visual Studio Solution File, Format Version 12.00
# Visual Studio 15
VisualStudioVersion = 15.0.26124.0
MinimumVisualStudioVersion = 15.0.26124.0
Project("{2150E333-8FDC-42A3-9474-1A3956D46DE8}") = "build", "build", "{4C6C89FE-9678-4F22-AEF3-03D369855924}"
	ProjectSection(SolutionItems) = preProject
		src\Directory.Build.props = src\Directory.Build.props
	EndProjectSection
EndProject
Project("{9A19103F-16F7-4668-BE54-9A1E7A4F7556}") = "Microsoft.DiskCleanupApi", "src\Microsoft.DiskCleanupApi\Microsoft.DiskCleanupApi.csproj", "{F7455E0B-02A3-4A24-AB84-0F62A323D592}"
EndProject
Project("{9A19103F-16F7-4668-BE54-9A1E7A4F7556}") = "Sunburst.OutOfProcessComServer", "src\Sunburst.OutOfProcessComServer\Sunburst.OutOfProcessComServer.csproj", "{BF305571-B966-46FA-82A8-B5860CBF0279}"
EndProject
Project("{9A19103F-16F7-4668-BE54-9A1E7A4F7556}") = "Sunburst.DiskCleanupApp.ProviderApi", "src\Sunburst.DiskCleanupApp.ProviderApi\Sunburst.DiskCleanupApp.ProviderApi.csproj", "{E2D132EF-815B-4EDC-A6C6-DB203DC207E5}"
EndProject
Global
	GlobalSection(SolutionConfigurationPlatforms) = preSolution
		Debug|Any CPU = Debug|Any CPU
		Release|Any CPU = Release|Any CPU
	EndGlobalSection
	GlobalSection(ProjectConfigurationPlatforms) = postSolution
		{F7455E0B-02A3-4A24-AB84-0F62A323D592}.Debug|Any CPU.ActiveCfg = Debug|Any CPU
		{F7455E0B-02A3-4A24-AB84-0F62A323D592}.Debug|Any CPU.Build.0 = Debug|Any CPU
		{F7455E0B-02A3-4A24-AB84-0F62A323D592}.Release|Any CPU.ActiveCfg = Release|Any CPU
		{F7455E0B-02A3-4A24-AB84-0F62A323D592}.Release|Any CPU.Build.0 = Release|Any CPU
		{BF305571-B966-46FA-82A8-B5860CBF0279}.Debug|Any CPU.ActiveCfg = Debug|Any CPU
		{BF305571-B966-46FA-82A8-B5860CBF0279}.Debug|Any CPU.Build.0 = Debug|Any CPU
		{BF305571-B966-46FA-82A8-B5860CBF0279}.Release|Any CPU.ActiveCfg = Release|Any CPU
		{BF305571-B966-46FA-82A8-B5860CBF0279}.Release|Any CPU.Build.0 = Release|Any CPU
		{E2D132EF-815B-4EDC-A6C6-DB203DC207E5}.Debug|Any CPU.ActiveCfg = Debug|Any CPU
		{E2D132EF-815B-4EDC-A6C6-DB203DC207E5}.Debug|Any CPU.Build.0 = Debug|Any CPU
		{E2D132EF-815B-4EDC-A6C6-DB203DC207E5}.Release|Any CPU.ActiveCfg = Release|Any CPU
		{E2D132EF-815B-4EDC-A6C6-DB203DC207E5}.Release|Any CPU.Build.0 = Release|Any CPU
	EndGlobalSection
	GlobalSection(SolutionProperties) = preSolution
		HideSolutionNode = FALSE
	EndGlobalSection
	GlobalSection(ExtensibilityGlobals) = postSolution
		SolutionGuid = {CF588C67-CCFC-4FA3-90DE-81472E326A1D}
	EndGlobalSection
EndGlobal
